Microsoft Visual Studio Solution File, Format Version 12.00
# Visual Studio Version 17
VisualStudioVersion = 17.0.31903.59
MinimumVisualStudioVersion = 10.0.40219.1
Project("{FAE04EC0-301F-11D3-BF4B-00C04F79EFBC}") = "Discount.API", "Discount.API\Discount.API.csproj", "{1F1F1F1F-1F1F-1F1F-1F1F-1F1F1F1F1F1F}"
EndProject
Project("{FAE04EC0-301F-11D3-BF4B-00C04F79EFBC}") = "Discount.Application", "Discount.Application\Discount.Application.csproj", "{2F2F2F2F-2F2F-2F2F-2F2F-2F2F2F2F2F2F}"
EndProject
Project("{FAE04EC0-301F-11D3-BF4B-00C04F79EFBC}") = "Discount.Core", "Discount.Core\Discount.Core.csproj", "{3F3F3F3F-3F3F-3F3F-3F3F-3F3F3F3F3F3F}"
EndProject
Project("{FAE04EC0-301F-11D3-BF4B-00C04F79EFBC}") = "Discount.Infrastructure", "Discount.Infrastructure\Discount.Infrastructure.csproj", "{4F4F4F4F-4F4F-4F4F-4F4F-4F4F4F4F4F4F}"
EndProject
Global
	GlobalSection(SolutionConfigurationPlatforms) = preSolution
		Debug|Any CPU = Debug|Any CPU
		Release|Any CPU = Release|Any CPU
		Debug|ARM64 = Debug|ARM64
		Release|ARM64 = Release|ARM64
	EndGlobalSection
	GlobalSection(ProjectConfigurationPlatforms) = postSolution
		{1F1F1F1F-1F1F-1F1F-1F1F-1F1F1F1F1F1F}.Debug|Any CPU.ActiveCfg = Debug|Any CPU
		{1F1F1F1F-1F1F-1F1F-1F1F-1F1F1F1F1F1F}.Debug|Any CPU.Build.0 = Debug|Any CPU
		{1F1F1F1F-1F1F-1F1F-1F1F-1F1F1F1F1F1F}.Release|Any CPU.ActiveCfg = Release|Any CPU
		{1F1F1F1F-1F1F-1F1F-1F1F-1F1F1F1F1F1F}.Release|Any CPU.Build.0 = Release|Any CPU
		{1F1F1F1F-1F1F-1F1F-1F1F-1F1F1F1F1F1F}.Debug|ARM64.ActiveCfg = Debug|ARM64
		{1F1F1F1F-1F1F-1F1F-1F1F-1F1F1F1F1F1F}.Debug|ARM64.Build.0 = Debug|ARM64
		{1F1F1F1F-1F1F-1F1F-1F1F-1F1F1F1F1F1F}.Release|ARM64.ActiveCfg = Release|ARM64
		{1F1F1F1F-1F1F-1F1F-1F1F-1F1F1F1F1F1F}.Release|ARM64.Build.0 = Release|ARM64
		{2F2F2F2F-2F2F-2F2F-2F2F-2F2F2F2F2F2F}.Debug|Any CPU.ActiveCfg = Debug|Any CPU
		{2F2F2F2F-2F2F-2F2F-2F2F-2F2F2F2F2F2F}.Debug|Any CPU.Build.0 = Debug|Any CPU
		{2F2F2F2F-2F2F-2F2F-2F2F-2F2F2F2F2F2F}.Release|Any CPU.ActiveCfg = Release|Any CPU
		{2F2F2F2F-2F2F-2F2F-2F2F-2F2F2F2F2F2F}.Release|Any CPU.Build.0 = Release|Any CPU
		{2F2F2F2F-2F2F-2F2F-2F2F-2F2F2F2F2F2F}.Debug|ARM64.ActiveCfg = Debug|ARM64
		{2F2F2F2F-2F2F-2F2F-2F2F-2F2F2F2F2F2F}.Debug|ARM64.Build.0 = Debug|ARM64
		{2F2F2F2F-2F2F-2F2F-2F2F-2F2F2F2F2F2F}.Release|ARM64.ActiveCfg = Release|ARM64
		{2F2F2F2F-2F2F-2F2F-2F2F-2F2F2F2F2F2F}.Release|ARM64.Build.0 = Release|ARM64
		{3F3F3F3F-3F3F-3F3F-3F3F-3F3F3F3F3F3F}.Debug|Any CPU.ActiveCfg = Debug|Any CPU
		{3F3F3F3F-3F3F-3F3F-3F3F-3F3F3F3F3F3F}.Debug|Any CPU.Build.0 = Debug|Any CPU
		{3F3F3F3F-3F3F-3F3F-3F3F-3F3F3F3F3F3F}.Release|Any CPU.ActiveCfg = Release|Any CPU
		{3F3F3F3F-3F3F-3F3F-3F3F-3F3F3F3F3F3F}.Release|Any CPU.Build.0 = Release|Any CPU
		{3F3F3F3F-3F3F-3F3F-3F3F-3F3F3F3F3F3F}.Debug|ARM64.ActiveCfg = Debug|ARM64
		{3F3F3F3F-3F3F-3F3F-3F3F-3F3F3F3F3F3F}.Debug|ARM64.Build.0 = Debug|ARM64
		{3F3F3F3F-3F3F-3F3F-3F3F-3F3F3F3F3F3F}.Release|ARM64.ActiveCfg = Release|ARM64
		{3F3F3F3F-3F3F-3F3F-3F3F-3F3F3F3F3F3F}.Release|ARM64.Build.0 = Release|ARM64
		{4F4F4F4F-4F4F-4F4F-4F4F-4F4F4F4F4F4F}.Debug|Any CPU.ActiveCfg = Debug|Any CPU
		{4F4F4F4F-4F4F-4F4F-4F4F-4F4F4F4F4F4F}.Debug|Any CPU.Build.0 = Debug|Any CPU
		{4F4F4F4F-4F4F-4F4F-4F4F-4F4F4F4F4F4F}.Release|Any CPU.ActiveCfg = Release|Any CPU
		{4F4F4F4F-4F4F-4F4F-4F4F-4F4F4F4F4F4F}.Release|Any CPU.Build.0 = Release|Any CPU
		{4F4F4F4F-4F4F-4F4F-4F4F-4F4F4F4F4F4F}.Debug|ARM64.ActiveCfg = Debug|ARM64
		{4F4F4F4F-4F4F-4F4F-4F4F-4F4F4F4F4F4F}.Debug|ARM64.Build.0 = Debug|ARM64
		{4F4F4F4F-4F4F-4F4F-4F4F-4F4F4F4F4F4F}.Release|ARM64.ActiveCfg = Release|ARM64
		{4F4F4F4F-4F4F-4F4F-4F4F-4F4F4F4F4F4F}.Release|ARM64.Build.0 = Release|ARM64
	EndGlobalSection
	GlobalSection(SolutionProperties) = preSolution
		HideSolutionNode = FALSE
	EndGlobalSection
	GlobalSection(ExtensibilityGlobals) = postSolution
		SolutionGuid = {5F5F5F5F-5F5F-5F5F-5F5F-5F5F5F5F5F5F}
	EndGlobalSection
EndGlobal